
Microsoft Visual Studio Solution File, Format Version 12.00
# Visual Studio 15
VisualStudioVersion = 15.0.27130.2036
MinimumVisualStudioVersion = 10.0.40219.1
Project("{FAE04EC0-301F-11D3-BF4B-00C04F79EFBC}") = "CSGameEngine", "CSGameEngine\CSGameEngine.csproj", "{5EF2A19A-1508-4942-881B-B7337A6F35CD}"
EndProject
Global
	GlobalSection(SolutionConfigurationPlatforms) = preSolution
		Debug|Any CPU = Debug|Any CPU
		Release|Any CPU = Release|Any CPU
	EndGlobalSection
	GlobalSection(ProjectConfigurationPlatforms) = postSolution
		{5EF2A19A-1508-4942-881B-B7337A6F35CD}.Debug|Any CPU.ActiveCfg = Debug|Any CPU
		{5EF2A19A-1508-4942-881B-B7337A6F35CD}.Debug|Any CPU.Build.0 = Debug|Any CPU
		{5EF2A19A-1508-4942-881B-B7337A6F35CD}.Release|Any CPU.ActiveCfg = Release|Any CPU
		{5EF2A19A-1508-4942-881B-B7337A6F35CD}.Release|Any CPU.Build.0 = Release|Any CPU
	EndGlobalSection
	GlobalSection(SolutionProperties) = preSolution
		HideSolutionNode = FALSE
	EndGlobalSection
	GlobalSection(ExtensibilityGlobals) = postSolution
		SolutionGuid = {13064B42-9EC6-444E-B805-065F1ACAFDDA}
	EndGlobalSection
EndGlobal
